// !$*UTF8*$!
{
	archiveVersion = 1;
	classes = {
	};
	objectVersion = 50;
	objects = {

/* Begin PBXBuildFile section */
		A205149625769A96001D4903 /* DBManager.swift in Sources */ = {isa = PBXBuildFile; fileRef = A205149525769A96001D4903 /* DBManager.swift */; };
		A20514BC2576A702001D4903 /* DemoModel.xcdatamodeld in Sources */ = {isa = PBXBuildFile; fileRef = A20514BA2576A702001D4903 /* DemoModel.xcdatamodeld */; };
		A217C5D825766D9E009BFCB1 /* AppDelegate.swift in Sources */ = {isa = PBXBuildFile; fileRef = A217C5D725766D9E009BFCB1 /* AppDelegate.swift */; };
		A217C5DA25766D9E009BFCB1 /* SceneDelegate.swift in Sources */ = {isa = PBXBuildFile; fileRef = A217C5D925766D9E009BFCB1 /* SceneDelegate.swift */; };
		A217C5DC25766D9E009BFCB1 /* BaseViewController.swift in Sources */ = {isa = PBXBuildFile; fileRef = A217C5DB25766D9E009BFCB1 /* BaseViewController.swift */; };
		A217C5E125766DA1009BFCB1 /* Assets.xcassets in Resources */ = {isa = PBXBuildFile; fileRef = A217C5E025766DA1009BFCB1 /* Assets.xcassets */; };
		A217C5F125766F9B009BFCB1 /* FirstViewController.swift in Sources */ = {isa = PBXBuildFile; fileRef = A217C5F025766F9B009BFCB1 /* FirstViewController.swift */; };
		A217C5F425767370009BFCB1 /* HTTPClient.swift in Sources */ = {isa = PBXBuildFile; fileRef = A217C5F325767370009BFCB1 /* HTTPClient.swift */; };
		A217C5F7257673E9009BFCB1 /* APIData.swift in Sources */ = {isa = PBXBuildFile; fileRef = A217C5F6257673E9009BFCB1 /* APIData.swift */; };
		A217C6042576941A009BFCB1 /* LaunchScreen.storyboard in Resources */ = {isa = PBXBuildFile; fileRef = A217C5E225766DA1009BFCB1 /* LaunchScreen.storyboard */; };
		A2BFE1062576AD07001788A5 /* SecondViewController.swift in Sources */ = {isa = PBXBuildFile; fileRef = A2BFE1052576AD07001788A5 /* SecondViewController.swift */; };
		A2BFE27F2577E002001788A5 /* AlbumCell.swift in Sources */ = {isa = PBXBuildFile; fileRef = A2BFE27E2577E002001788A5 /* AlbumCell.swift */; };
/* End PBXBuildFile section */

/* Begin PBXFileReference section */
		A205149525769A96001D4903 /* DBManager.swift */ = {isa = PBXFileReference; lastKnownFileType = sourcecode.swift; path = DBManager.swift; sourceTree = "<group>"; };
		A20514BB2576A702001D4903 /* Model.xcdatamodel */ = {isa = PBXFileReference; lastKnownFileType = wrapper.xcdatamodel; path = Model.xcdatamodel; sourceTree = "<group>"; };
		A217C5D425766D9E009BFCB1 /* DemoApp.app */ = {isa = PBXFileReference; explicitFileType = wrapper.application; includeInIndex = 0; path = DemoApp.app; sourceTree = BUILT_PRODUCTS_DIR; };
		A217C5D725766D9E009BFCB1 /* AppDelegate.swift */ = {isa = PBXFileReference; lastKnownFileType = sourcecode.swift; path = AppDelegate.swift; sourceTree = "<group>"; };
		A217C5D925766D9E009BFCB1 /* SceneDelegate.swift */ = {isa = PBXFileReference; lastKnownFileType = sourcecode.swift; path = SceneDelegate.swift; sourceTree = "<group>"; };
		A217C5DB25766D9E009BFCB1 /* BaseViewController.swift */ = {isa = PBXFileReference; lastKnownFileType = sourcecode.swift; path = BaseViewController.swift; sourceTree = "<group>"; };
		A217C5E025766DA1009BFCB1 /* Assets.xcassets */ = {isa = PBXFileReference; lastKnownFileType = folder.assetcatalog; path = Assets.xcassets; sourceTree = "<group>"; };
		A217C5E325766DA1009BFCB1 /* Base */ = {isa = PBXFileReference; lastKnownFileType = file.storyboard; name = Base; path = Base.lproj/LaunchScreen.storyboard; sourceTree = "<group>"; };
		A217C5E525766DA1009BFCB1 /* Info.plist */ = {isa = PBXFileReference; lastKnownFileType = text.plist.xml; path = Info.plist; sourceTree = "<group>"; };
		A217C5F025766F9B009BFCB1 /* FirstViewController.swift */ = {isa = PBXFileReference; lastKnownFileType = sourcecode.swift; path = FirstViewController.swift; sourceTree = "<group>"; };
		A217C5F325767370009BFCB1 /* HTTPClient.swift */ = {isa = PBXFileReference; lastKnownFileType = sourcecode.swift; path = HTTPClient.swift; sourceTree = "<group>"; };
		A217C5F6257673E9009BFCB1 /* APIData.swift */ = {isa = PBXFileReference; lastKnownFileType = sourcecode.swift; path = APIData.swift; sourceTree = "<group>"; };
		A2BFE1052576AD07001788A5 /* SecondViewController.swift */ = {isa = PBXFileReference; lastKnownFileType = sourcecode.swift; path = SecondViewController.swift; sourceTree = "<group>"; };
		A2BFE27E2577E002001788A5 /* AlbumCell.swift */ = {isa = PBXFileReference; lastKnownFileType = sourcecode.swift; path = AlbumCell.swift; sourceTree = "<group>"; };
/* End PBXFileReference section */

/* Begin PBXFrameworksBuildPhase section */
		A217C5D125766D9E009BFCB1 /* Frameworks */ = {
			isa = PBXFrameworksBuildPhase;
			buildActionMask = 2147483647;
			files = (
			);
			runOnlyForDeploymentPostprocessing = 0;
		};
/* End PBXFrameworksBuildPhase section */

/* Begin PBXGroup section */
		A20514A52576A16E001D4903 /* DataBase */ = {
			isa = PBXGroup;
			children = (
				A20514BA2576A702001D4903 /* DemoModel.xcdatamodeld */,
			);
			path = DataBase;
			sourceTree = "<group>";
		};
		A217C5CB25766D9E009BFCB1 = {
			isa = PBXGroup;
			children = (
				A217C5D625766D9E009BFCB1 /* DemoApp */,
				A217C5D525766D9E009BFCB1 /* Products */,
			);
			sourceTree = "<group>";
		};
		A217C5D525766D9E009BFCB1 /* Products */ = {
			isa = PBXGroup;
			children = (
				A217C5D425766D9E009BFCB1 /* DemoApp.app */,
			);
			name = Products;
			sourceTree = "<group>";
		};
		A217C5D625766D9E009BFCB1 /* DemoApp */ = {
			isa = PBXGroup;
			children = (
				A217C5D725766D9E009BFCB1 /* AppDelegate.swift */,
				A217C5D925766D9E009BFCB1 /* SceneDelegate.swift */,
				A217C5DB25766D9E009BFCB1 /* BaseViewController.swift */,
				A217C5F025766F9B009BFCB1 /* FirstViewController.swift */,
				A2BFE1052576AD07001788A5 /* SecondViewController.swift */,
				A2BFE27E2577E002001788A5 /* AlbumCell.swift */,
				A217C5F325767370009BFCB1 /* HTTPClient.swift */,
				A217C5F6257673E9009BFCB1 /* APIData.swift */,
				A205149525769A96001D4903 /* DBManager.swift */,
				A217C5E025766DA1009BFCB1 /* Assets.xcassets */,
				A217C5E225766DA1009BFCB1 /* LaunchScreen.storyboard */,
				A217C5E525766DA1009BFCB1 /* Info.plist */,
				A20514A52576A16E001D4903 /* DataBase */,
			);
			path = DemoApp;
			sourceTree = "<group>";
		};
/* End PBXGroup section */

/* Begin PBXNativeTarget section */
		A217C5D325766D9E009BFCB1 /* DemoApp */ = {
			isa = PBXNativeTarget;
			buildConfigurationList = A217C5E825766DA1009BFCB1 /* Build configuration list for PBXNativeTarget "DemoApp" */;
			buildPhases = (
				A217C5D025766D9E009BFCB1 /* Sources */,
				A217C5D125766D9E009BFCB1 /* Frameworks */,
				A217C5D225766D9E009BFCB1 /* Resources */,
			);
			buildRules = (
			);
			dependencies = (
			);
			name = DemoApp;
			productName = DemoApp;
			productReference = A217C5D425766D9E009BFCB1 /* DemoApp.app */;
			productType = "com.apple.product-type.application";
		};
/* End PBXNativeTarget section */

/* Begin PBXProject section */
		A217C5CC25766D9E009BFCB1 /* Project object */ = {
			isa = PBXProject;
			attributes = {
				LastSwiftUpdateCheck = 1220;
				LastUpgradeCheck = 1220;
				TargetAttributes = {
					A217C5D325766D9E009BFCB1 = {
						CreatedOnToolsVersion = 12.2;
					};
				};
			};
			buildConfigurationList = A217C5CF25766D9E009BFCB1 /* Build configuration list for PBXProject "DemoApp" */;
			compatibilityVersion = "Xcode 9.3";
			developmentRegion = en;
			hasScannedForEncodings = 0;
			knownRegions = (
				en,
				Base,
			);
			mainGroup = A217C5CB25766D9E009BFCB1;
			productRefGroup = A217C5D525766D9E009BFCB1 /* Products */;
			projectDirPath = "";
			projectRoot = "";
			targets = (
				A217C5D325766D9E009BFCB1 /* DemoApp */,
			);
		};
/* End PBXProject section */

/* Begin PBXResourcesBuildPhase section */
		A217C5D225766D9E009BFCB1 /* Resources */ = {
			isa = PBXResourcesBuildPhase;
			buildActionMask = 2147483647;
			files = (
				A217C6042576941A009BFCB1 /* LaunchScreen.storyboard in Resources */,
				A217C5E125766DA1009BFCB1 /* Assets.xcassets in Resources */,
			);
			runOnlyForDeploymentPostprocessing = 0;
		};
/* End PBXResourcesBuildPhase section */

/* Begin PBXSourcesBuildPhase section */
		A217C5D025766D9E009BFCB1 /* Sources */ = {
			isa = PBXSourcesBuildPhase;
			buildActionMask = 2147483647;
			files = (
				A217C5F7257673E9009BFCB1 /* APIData.swift in Sources */,
				A205149625769A96001D4903 /* DBManager.swift in Sources */,
				A217C5DC25766D9E009BFCB1 /* BaseViewController.swift in Sources */,
				A2BFE1062576AD07001788A5 /* SecondViewController.swift in Sources */,
				A217C5F425767370009BFCB1 /* HTTPClient.swift in Sources */,
				A20514BC2576A702001D4903 /* DemoModel.xcdatamodeld in Sources */,
				A217C5D825766D9E009BFCB1 /* AppDelegate.swift in Sources */,
				A2BFE27F2577E002001788A5 /* AlbumCell.swift in Sources */,
				A217C5DA25766D9E009BFCB1 /* SceneDelegate.swift in Sources */,
				A217C5F125766F9B009BFCB1 /* FirstViewController.swift in Sources */,
			);
			runOnlyForDeploymentPostprocessing = 0;
		};
/* End PBXSourcesBuildPhase section */

/* Begin PBXVariantGroup section */
		A217C5E225766DA1009BFCB1 /* LaunchScreen.storyboard */ = {
			isa = PBXVariantGroup;
			children = (
				A217C5E325766DA1009BFCB1 /* Base */,
			);
			name = LaunchScreen.storyboard;
			sourceTree = "<group>";
		};
/* End PBXVariantGroup section */

/* Begin XCBuildConfiguration section */
		A217C5E625766DA1009BFCB1 /* Debug */ = {
			isa = XCBuildConfiguration;
			buildSettings = {
				ALWAYS_SEARCH_USER_PATHS = NO;
				CLANG_ANALYZER_NONNULL = YES;
				CLANG_ANALYZER_NUMBER_OBJECT_CONVERSION = YES_AGGRESSIVE;
				CLANG_CXX_LANGUAGE_STANDARD = "gnu++14";
				CLANG_CXX_LIBRARY = "libc++";
				CLANG_ENABLE_MODULES = YES;
				CLANG_ENABLE_OBJC_ARC = YES;
				CLANG_ENABLE_OBJC_WEAK = YES;
				CLANG_WARN_BLOCK_CAPTURE_AUTORELEASING = YES;
				CLANG_WARN_BOOL_CONVERSION = YES;
				CLANG_WARN_COMMA = YES;
				CLANG_WARN_CONSTANT_CONVERSION = YES;
				CLANG_WARN_DEPRECATED_OBJC_IMPLEMENTATIONS = YES;
				CLANG_WARN_DIRECT_OBJC_ISA_USAGE = YES_ERROR;
				CLANG_WARN_DOCUMENTATION_COMMENTS = YES;
				CLANG_WARN_EMPTY_BODY = YES;
				CLANG_WARN_ENUM_CONVERSION = YES;
				CLANG_WARN_INFINITE_RECURSION = YES;
				CLANG_WARN_INT_CONVERSION = YES;
				CLANG_WARN_NON_LITERAL_NULL_CONVERSION = YES;
				CLANG_WARN_OBJC_IMPLICIT_RETAIN_SELF = YES;
				CLANG_WARN_OBJC_LITERAL_CONVERSION = YES;
				CLANG_WARN_OBJC_ROOT_CLASS = YES_ERROR;
				CLANG_WARN_QUOTED_INCLUDE_IN_FRAMEWORK_HEADER = YES;
				CLANG_WARN_RANGE_LOOP_ANALYSIS = YES;
				CLANG_WARN_STRICT_PROTOTYPES = YES;
				CLANG_WARN_SUSPICIOUS_MOVE = YES;
				CLANG_WARN_UNGUARDED_AVAILABILITY = YES_AGGRESSIVE;
				CLANG_WARN_UNREACHABLE_CODE = YES;
				CLANG_WARN__DUPLICATE_METHOD_MATCH = YES;
				COPY_PHASE_STRIP = NO;
				DEBUG_INFORMATION_FORMAT = dwarf;
				ENABLE_STRICT_OBJC_MSGSEND = YES;
				ENABLE_TESTABILITY = YES;
				GCC_C_LANGUAGE_STANDARD = gnu11;
				GCC_DYNAMIC_NO_PIC = NO;
				GCC_NO_COMMON_BLOCKS = YES;
				GCC_OPTIMIZATION_LEVEL = 0;
				GCC_PREPROCESSOR_DEFINITIONS = (
					"DEBUG=1",
					"$(inherited)",
				);
				GCC_WARN_64_TO_32_BIT_CONVERSION = YES;
				GCC_WARN_ABOUT_RETURN_TYPE = YES_ERROR;
				GCC_WARN_UNDECLARED_SELECTOR = YES;
				GCC_WARN_UNINITIALIZED_AUTOS = YES_AGGRESSIVE;
				GCC_WARN_UNUSED_FUNCTION = YES;
				GCC_WARN_UNUSED_VARIABLE = YES;
				IPHONEOS_DEPLOYMENT_TARGET = 14.2;
				MTL_ENABLE_DEBUG_INFO = INCLUDE_SOURCE;
				MTL_FAST_MATH = YES;
				ONLY_ACTIVE_ARCH = YES;
				SDKROOT = iphoneos;
				SWIFT_ACTIVE_COMPILATION_CONDITIONS = DEBUG;
				SWIFT_OPTIMIZATION_LEVEL = "-Onone";
			};
			name = Debug;
		};
		A217C5E725766DA1009BFCB1 /* Release */ = {
			isa = XCBuildConfiguration;
			buildSettings = {
				ALWAYS_SEARCH_USER_PATHS = NO;
				CLANG_ANALYZER_NONNULL = YES;
				CLANG_ANALYZER_NUMBER_OBJECT_CONVERSION = YES_AGGRESSIVE;
				CLANG_CXX_LANGUAGE_STANDARD = "gnu++14";
				CLANG_CXX_LIBRARY = "libc++";
				CLANG_ENABLE_MODULES = YES;
				CLANG_ENABLE_OBJC_ARC = YES;
				CLANG_ENABLE_OBJC_WEAK = YES;
				CLANG_WARN_BLOCK_CAPTURE_AUTORELEASING = YES;
				CLANG_WARN_BOOL_CONVERSION = YES;
				CLANG_WARN_COMMA = YES;
				CLANG_WARN_CONSTANT_CONVERSION = YES;
				CLANG_WARN_DEPRECATED_OBJC_IMPLEMENTATIONS = YES;
				CLANG_WARN_DIRECT_OBJC_ISA_USAGE = YES_ERROR;
				CLANG_WARN_DOCUMENTATION_COMMENTS = YES;
				CLANG_WARN_EMPTY_BODY = YES;
				CLANG_WARN_ENUM_CONVERSION = YES;
				CLANG_WARN_INFINITE_RECURSION = YES;
				CLANG_WARN_INT_CONVERSION = YES;
				CLANG_WARN_NON_LITERAL_NULL_CONVERSION = YES;
				CLANG_WARN_OBJC_IMPLICIT_RETAIN_SELF = YES;
				CLANG_WARN_OBJC_LITERAL_CONVERSION = YES;
				CLANG_WARN_OBJC_ROOT_CLASS = YES_ERROR;
				CLANG_WARN_QUOTED_INCLUDE_IN_FRAMEWORK_HEADER = YES;
				CLANG_WARN_RANGE_LOOP_ANALYSIS = YES;
				CLANG_WARN_STRICT_PROTOTYPES = YES;
				CLANG_WARN_SUSPICIOUS_MOVE = YES;
				CLANG_WARN_UNGUARDED_AVAILABILITY = YES_AGGRESSIVE;
				CLANG_WARN_UNREACHABLE_CODE = YES;
				CLANG_WARN__DUPLICATE_METHOD_MATCH = YES;
				COPY_PHASE_STRIP = NO;
				DEBUG_INFORMATION_FORMAT = "dwarf-with-dsym";
				ENABLE_NS_ASSERTIONS = NO;
				ENABLE_STRICT_OBJC_MSGSEND = YES;
				GCC_C_LANGUAGE_STANDARD = gnu11;
				GCC_NO_COMMON_BLOCKS = YES;
				GCC_WARN_64_TO_32_BIT_CONVERSION = YES;
				GCC_WARN_ABOUT_RETURN_TYPE = YES_ERROR;
				GCC_WARN_UNDECLARED_SELECTOR = YES;
				GCC_WARN_UNINITIALIZED_AUTOS = YES_AGGRESSIVE;
				GCC_WARN_UNUSED_FUNCTION = YES;
				GCC_WARN_UNUSED_VARIABLE = YES;
				IPHONEOS_DEPLOYMENT_TARGET = 14.2;
				MTL_ENABLE_DEBUG_INFO = NO;
				MTL_FAST_MATH = YES;
				SDKROOT = iphoneos;
				SWIFT_COMPILATION_MODE = wholemodule;
				SWIFT_OPTIMIZATION_LEVEL = "-O";
				VALIDATE_PRODUCT = YES;
			};
			name = Release;
		};
		A217C5E925766DA1009BFCB1 /* Debug */ = {
			isa = XCBuildConfiguration;
			buildSettings = {
				ASSETCATALOG_COMPILER_APPICON_NAME = AppIcon;
				ASSETCATALOG_COMPILER_GLOBAL_ACCENT_COLOR_NAME = AccentColor;
				CODE_SIGN_STYLE = Automatic;
				INFOPLIST_FILE = DemoApp/Info.plist;
				LD_RUNPATH_SEARCH_PATHS = (
					"$(inherited)",
					"@executable_path/Frameworks",
				);
				PRODUCT_BUNDLE_IDENTIFIER = tw.com.astar429.DemoApp;
				PRODUCT_NAME = "$(TARGET_NAME)";
				SWIFT_VERSION = 5.0;
				TARGETED_DEVICE_FAMILY = "1,2";
			};
			name = Debug;
		};
		A217C5EA25766DA1009BFCB1 /* Release */ = {
			isa = XCBuildConfiguration;
			buildSettings = {
				ASSETCATALOG_COMPILER_APPICON_NAME = AppIcon;
				ASSETCATALOG_COMPILER_GLOBAL_ACCENT_COLOR_NAME = AccentColor;
				CODE_SIGN_STYLE = Automatic;
				INFOPLIST_FILE = DemoApp/Info.plist;
				LD_RUNPATH_SEARCH_PATHS = (
					"$(inherited)",
					"@executable_path/Frameworks",
				);
				PRODUCT_BUNDLE_IDENTIFIER = tw.com.astar429.DemoApp;
				PRODUCT_NAME = "$(TARGET_NAME)";
				SWIFT_VERSION = 5.0;
				TARGETED_DEVICE_FAMILY = "1,2";
			};
			name = Release;
		};
/* End XCBuildConfiguration section */

/* Begin XCConfigurationList section */
		A217C5CF25766D9E009BFCB1 /* Build configuration list for PBXProject "DemoApp" */ = {
			isa = XCConfigurationList;
			buildConfigurations = (
				A217C5E625766DA1009BFCB1 /* Debug */,
				A217C5E725766DA1009BFCB1 /* Release */,
			);
			defaultConfigurationIsVisible = 0;
			defaultConfigurationName = Release;
		};
		A217C5E825766DA1009BFCB1 /* Build configuration list for PBXNativeTarget "DemoApp" */ = {
			isa = XCConfigurationList;
			buildConfigurations = (
				A217C5E925766DA1009BFCB1 /* Debug */,
				A217C5EA25766DA1009BFCB1 /* Release */,
			);
			defaultConfigurationIsVisible = 0;
			defaultConfigurationName = Release;
		};
/* End XCConfigurationList section */

/* Begin XCVersionGroup section */
		A20514BA2576A702001D4903 /* DemoModel.xcdatamodeld */ = {
			isa = XCVersionGroup;
			children = (
				A20514BB2576A702001D4903 /* Model.xcdatamodel */,
			);
			currentVersion = A20514BB2576A702001D4903 /* Model.xcdatamodel */;
			path = DemoModel.xcdatamodeld;
			sourceTree = "<group>";
			versionGroupType = wrapper.xcdatamodel;
		};
/* End XCVersionGroup section */
	};
	rootObject = A217C5CC25766D9E009BFCB1 /* Project object */;
}
